
Microsoft Visual Studio Solution File, Format Version 12.00
# Visual Studio Version 17
VisualStudioVersion = 17.5.002.0
MinimumVisualStudioVersion = 10.0.40219.1
Project("{9A19103F-16F7-4668-BE54-9A1E7A4F7556}") = "passHash", "passHash.csproj", "{DA15FD89-094F-4CB6-862D-92C01F0BE024}"
EndProject
Global
	GlobalSection(SolutionConfigurationPlatforms) = preSolution
		Debug|Any CPU = Debug|Any CPU
		Release|Any CPU = Release|Any CPU
	EndGlobalSection
	GlobalSection(ProjectConfigurationPlatforms) = postSolution
		{DA15FD89-094F-4CB6-862D-92C01F0BE024}.Debug|Any CPU.ActiveCfg = Debug|Any CPU
		{DA15FD89-094F-4CB6-862D-92C01F0BE024}.Debug|Any CPU.Build.0 = Debug|Any CPU
		{DA15FD89-094F-4CB6-862D-92C01F0BE024}.Release|Any CPU.ActiveCfg = Release|Any CPU
		{DA15FD89-094F-4CB6-862D-92C01F0BE024}.Release|Any CPU.Build.0 = Release|Any CPU
	EndGlobalSection
	GlobalSection(SolutionProperties) = preSolution
		HideSolutionNode = FALSE
	EndGlobalSection
	GlobalSection(ExtensibilityGlobals) = postSolution
		SolutionGuid = {32123204-E6A1-4217-8E4C-35C15BA1468E}
	EndGlobalSection
EndGlobal
